
Microsoft Visual Studio Solution File, Format Version 12.00
# Visual Studio 14
VisualStudioVersion = 14.0.25420.1
MinimumVisualStudioVersion = 10.0.40219.1
Project("{FAE04EC0-301F-11D3-BF4B-00C04F79EFBC}") = "StorageOfID", "StorageOfIdentifiers\StorageOfID.csproj", "{7BDCB08D-76EC-4087-B656-2BBBA3FB8836}"
EndProject
Project("{FAE04EC0-301F-11D3-BF4B-00C04F79EFBC}") = "StorageOfIDTest", "StorageOfIndentifiersTest\StorageOfIDTest.csproj", "{3C8E886B-E23B-4F40-82CA-E9411E9D2D77}"
EndProject
Global
	GlobalSection(SolutionConfigurationPlatforms) = preSolution
		Debug|Any CPU = Debug|Any CPU
		Release|Any CPU = Release|Any CPU
	EndGlobalSection
	GlobalSection(ProjectConfigurationPlatforms) = postSolution
		{7BDCB08D-76EC-4087-B656-2BBBA3FB8836}.Debug|Any CPU.ActiveCfg = Debug|Any CPU
		{7BDCB08D-76EC-4087-B656-2BBBA3FB8836}.Debug|Any CPU.Build.0 = Debug|Any CPU
		{7BDCB08D-76EC-4087-B656-2BBBA3FB8836}.Release|Any CPU.ActiveCfg = Release|Any CPU
		{7BDCB08D-76EC-4087-B656-2BBBA3FB8836}.Release|Any CPU.Build.0 = Release|Any CPU
		{3C8E886B-E23B-4F40-82CA-E9411E9D2D77}.Debug|Any CPU.ActiveCfg = Debug|Any CPU
		{3C8E886B-E23B-4F40-82CA-E9411E9D2D77}.Debug|Any CPU.Build.0 = Debug|Any CPU
		{3C8E886B-E23B-4F40-82CA-E9411E9D2D77}.Release|Any CPU.ActiveCfg = Release|Any CPU
		{3C8E886B-E23B-4F40-82CA-E9411E9D2D77}.Release|Any CPU.Build.0 = Release|Any CPU
	EndGlobalSection
	GlobalSection(SolutionProperties) = preSolution
		HideSolutionNode = FALSE
	EndGlobalSection
EndGlobal
